// !$*UTF8*$!
{
	archiveVersion = 1;
	classes = {
	};
	objectVersion = 46;
	objects = {

/* Begin PBXBuildFile section */
		23EF60F11C172CC100325A01 /* main.m in Sources */ = {isa = PBXBuildFile; fileRef = 23EF60F01C172CC100325A01 /* main.m */; };
		23EF60F41C172CC100325A01 /* AppDelegate.m in Sources */ = {isa = PBXBuildFile; fileRef = 23EF60F31C172CC100325A01 /* AppDelegate.m */; };
		23EF60F71C172CC100325A01 /* ViewController.m in Sources */ = {isa = PBXBuildFile; fileRef = 23EF60F61C172CC100325A01 /* ViewController.m */; };
		23EF60FA1C172CC100325A01 /* Main.storyboard in Resources */ = {isa = PBXBuildFile; fileRef = 23EF60F81C172CC100325A01 /* Main.storyboard */; };
		23EF60FC1C172CC100325A01 /* Assets.xcassets in Resources */ = {isa = PBXBuildFile; fileRef = 23EF60FB1C172CC100325A01 /* Assets.xcassets */; };
		23EF60FF1C172CC100325A01 /* LaunchScreen.storyboard in Resources */ = {isa = PBXBuildFile; fileRef = 23EF60FD1C172CC100325A01 /* LaunchScreen.storyboard */; };
		23EF610A1C172CC100325A01 /* MyBBBTests.m in Sources */ = {isa = PBXBuildFile; fileRef = 23EF61091C172CC100325A01 /* MyBBBTests.m */; };
		23EF61151C172CC100325A01 /* MyBBBUITests.m in Sources */ = {isa = PBXBuildFile; fileRef = 23EF61141C172CC100325A01 /* MyBBBUITests.m */; };
/* End PBXBuildFile section */

/* Begin PBXContainerItemProxy section */
		23EF61061C172CC100325A01 /* PBXContainerItemProxy */ = {
			isa = PBXContainerItemProxy;
			containerPortal = 23EF60E41C172CC100325A01 /* Project object */;
			proxyType = 1;
			remoteGlobalIDString = 23EF60EB1C172CC100325A01;
			remoteInfo = MyBBB;
		};
		23EF61111C172CC100325A01 /* PBXContainerItemProxy */ = {
			isa = PBXContainerItemProxy;
			containerPortal = 23EF60E41C172CC100325A01 /* Project object */;
			proxyType = 1;
			remoteGlobalIDString = 23EF60EB1C172CC100325A01;
			remoteInfo = MyBBB;
		};
/* End PBXContainerItemProxy section */

/* Begin PBXFileReference section */
		23EF60EC1C172CC100325A01 /* MyBBB.app */ = {isa = PBXFileReference; explicitFileType = wrapper.application; includeInIndex = 0; path = MyBBB.app; sourceTree = BUILT_PRODUCTS_DIR; };
		23EF60F01C172CC100325A01 /* main.m */ = {isa = PBXFileReference; lastKnownFileType = sourcecode.c.objc; path = main.m; sourceTree = "<group>"; };
		23EF60F21C172CC100325A01 /* AppDelegate.h */ = {isa = PBXFileReference; lastKnownFileType = sourcecode.c.h; path = AppDelegate.h; sourceTree = "<group>"; };
		23EF60F31C172CC100325A01 /* AppDelegate.m */ = {isa = PBXFileReference; lastKnownFileType = sourcecode.c.objc; path = AppDelegate.m; sourceTree = "<group>"; };
		23EF60F51C172CC100325A01 /* ViewController.h */ = {isa = PBXFileReference; lastKnownFileType = sourcecode.c.h; path = ViewController.h; sourceTree = "<group>"; };
		23EF60F61C172CC100325A01 /* ViewController.m */ = {isa = PBXFileReference; lastKnownFileType = sourcecode.c.objc; path = ViewController.m; sourceTree = "<group>"; };
		23EF60F91C172CC100325A01 /* Base */ = {isa = PBXFileReference; lastKnownFileType = file.storyboard; name = Base; path = Base.lproj/Main.storyboard; sourceTree = "<group>"; };
		23EF60FB1C172CC100325A01 /* Assets.xcassets */ = {isa = PBXFileReference; lastKnownFileType = folder.assetcatalog; path = Assets.xcassets; sourceTree = "<group>"; };
		23EF60FE1C172CC100325A01 /* Base */ = {isa = PBXFileReference; lastKnownFileType = file.storyboard; name = Base; path = Base.lproj/LaunchScreen.storyboard; sourceTree = "<group>"; };
		23EF61001C172CC100325A01 /* Info.plist */ = {isa = PBXFileReference; lastKnownFileType = text.plist.xml; path = Info.plist; sourceTree = "<group>"; };
		23EF61051C172CC100325A01 /* MyBBBTests.xctest */ = {isa = PBXFileReference; explicitFileType = wrapper.cfbundle; includeInIndex = 0; path = MyBBBTests.xctest; sourceTree = BUILT_PRODUCTS_DIR; };
		23EF61091C172CC100325A01 /* MyBBBTests.m */ = {isa = PBXFileReference; lastKnownFileType = sourcecode.c.objc; path = MyBBBTests.m; sourceTree = "<group>"; };
		23EF610B1C172CC100325A01 /* Info.plist */ = {isa = PBXFileReference; lastKnownFileType = text.plist.xml; path = Info.plist; sourceTree = "<group>"; };
		23EF61101C172CC100325A01 /* MyBBBUITests.xctest */ = {isa = PBXFileReference; explicitFileType = wrapper.cfbundle; includeInIndex = 0; path = MyBBBUITests.xctest; sourceTree = BUILT_PRODUCTS_DIR; };
		23EF61141C172CC100325A01 /* MyBBBUITests.m */ = {isa = PBXFileReference; lastKnownFileType = sourcecode.c.objc; path = MyBBBUITests.m; sourceTree = "<group>"; };
		23EF61161C172CC100325A01 /* Info.plist */ = {isa = PBXFileReference; lastKnownFileType = text.plist.xml; path = Info.plist; sourceTree = "<group>"; };
/* End PBXFileReference section */

/* Begin PBXFrameworksBuildPhase section */
		23EF60E91C172CC100325A01 /* Frameworks */ = {
			isa = PBXFrameworksBuildPhase;
			buildActionMask = 2147483647;
			files = (
			);
			runOnlyForDeploymentPostprocessing = 0;
		};
		23EF61021C172CC100325A01 /* Frameworks */ = {
			isa = PBXFrameworksBuildPhase;
			buildActionMask = 2147483647;
			files = (
			);
			runOnlyForDeploymentPostprocessing = 0;
		};
		23EF610D1C172CC100325A01 /* Frameworks */ = {
			isa = PBXFrameworksBuildPhase;
			buildActionMask = 2147483647;
			files = (
			);
			runOnlyForDeploymentPostprocessing = 0;
		};
/* End PBXFrameworksBuildPhase section */

/* Begin PBXGroup section */
		23EF60E31C172CC100325A01 = {
			isa = PBXGroup;
			children = (
				23EF60EE1C172CC100325A01 /* MyBBB */,
				23EF61081C172CC100325A01 /* MyBBBTests */,
				23EF61131C172CC100325A01 /* MyBBBUITests */,
				23EF60ED1C172CC100325A01 /* Products */,
			);
			sourceTree = "<group>";
		};
		23EF60ED1C172CC100325A01 /* Products */ = {
			isa = PBXGroup;
			children = (
				23EF60EC1C172CC100325A01 /* MyBBB.app */,
				23EF61051C172CC100325A01 /* MyBBBTests.xctest */,
				23EF61101C172CC100325A01 /* MyBBBUITests.xctest */,
			);
			name = Products;
			sourceTree = "<group>";
		};
		23EF60EE1C172CC100325A01 /* MyBBB */ = {
			isa = PBXGroup;
			children = (
				23EF60F21C172CC100325A01 /* AppDelegate.h */,
				23EF60F31C172CC100325A01 /* AppDelegate.m */,
				23EF60F51C172CC100325A01 /* ViewController.h */,
				23EF60F61C172CC100325A01 /* ViewController.m */,
				23EF60F81C172CC100325A01 /* Main.storyboard */,
				23EF60FB1C172CC100325A01 /* Assets.xcassets */,
				23EF60FD1C172CC100325A01 /* LaunchScreen.storyboard */,
				23EF61001C172CC100325A01 /* Info.plist */,
				23EF60EF1C172CC100325A01 /* Supporting Files */,
			);
			path = MyBBB;
			sourceTree = "<group>";
		};
		23EF60EF1C172CC100325A01 /* Supporting Files */ = {
			isa = PBXGroup;
			children = (
				23EF60F01C172CC100325A01 /* main.m */,
			);
			name = "Supporting Files";
			sourceTree = "<group>";
		};
		23EF61081C172CC100325A01 /* MyBBBTests */ = {
			isa = PBXGroup;
			children = (
				23EF61091C172CC100325A01 /* MyBBBTests.m */,
				23EF610B1C172CC100325A01 /* Info.plist */,
			);
			path = MyBBBTests;
			sourceTree = "<group>";
		};
		23EF61131C172CC100325A01 /* MyBBBUITests */ = {
			isa = PBXGroup;
			children = (
				23EF61141C172CC100325A01 /* MyBBBUITests.m */,
				23EF61161C172CC100325A01 /* Info.plist */,
			);
			path = MyBBBUITests;
			sourceTree = "<group>";
		};
/* End PBXGroup section */

/* Begin PBXNativeTarget section */
		23EF60EB1C172CC100325A01 /* MyBBB */ = {
			isa = PBXNativeTarget;
			buildConfigurationList = 23EF61191C172CC100325A01 /* Build configuration list for PBXNativeTarget "MyBBB" */;
			buildPhases = (
				23EF60E81C172CC100325A01 /* Sources */,
				23EF60E91C172CC100325A01 /* Frameworks */,
				23EF60EA1C172CC100325A01 /* Resources */,
			);
			buildRules = (
			);
			dependencies = (
			);
			name = MyBBB;
			productName = MyBBB;
			productReference = 23EF60EC1C172CC100325A01 /* MyBBB.app */;
			productType = "com.apple.product-type.application";
		};
		23EF61041C172CC100325A01 /* MyBBBTests */ = {
			isa = PBXNativeTarget;
			buildConfigurationList = 23EF611C1C172CC100325A01 /* Build configuration list for PBXNativeTarget "MyBBBTests" */;
			buildPhases = (
				23EF61011C172CC100325A01 /* Sources */,
				23EF61021C172CC100325A01 /* Frameworks */,
				23EF61031C172CC100325A01 /* Resources */,
			);
			buildRules = (
			);
			dependencies = (
				23EF61071C172CC100325A01 /* PBXTargetDependency */,
			);
			name = MyBBBTests;
			productName = MyBBBTests;
			productReference = 23EF61051C172CC100325A01 /* MyBBBTests.xctest */;
			productType = "com.apple.product-type.bundle.unit-test";
		};
		23EF610F1C172CC100325A01 /* MyBBBUITests */ = {
			isa = PBXNativeTarget;
			buildConfigurationList = 23EF611F1C172CC100325A01 /* Build configuration list for PBXNativeTarget "MyBBBUITests" */;
			buildPhases = (
				23EF610C1C172CC100325A01 /* Sources */,
				23EF610D1C172CC100325A01 /* Frameworks */,
				23EF610E1C172CC100325A01 /* Resources */,
			);
			buildRules = (
			);
			dependencies = (
				23EF61121C172CC100325A01 /* PBXTargetDependency */,
			);
			name = MyBBBUITests;
			productName = MyBBBUITests;
			productReference = 23EF61101C172CC100325A01 /* MyBBBUITests.xctest */;
			productType = "com.apple.product-type.bundle.ui-testing";
		};
/* End PBXNativeTarget section */

/* Begin PBXProject section */
		23EF60E41C172CC100325A01 /* Project object */ = {
			isa = PBXProject;
			attributes = {
				LastUpgradeCheck = 0710;
				ORGANIZATIONNAME = "代碧";
				TargetAttributes = {
					23EF60EB1C172CC100325A01 = {
						CreatedOnToolsVersion = 7.1;
					};
					23EF61041C172CC100325A01 = {
						CreatedOnToolsVersion = 7.1;
						TestTargetID = 23EF60EB1C172CC100325A01;
					};
					23EF610F1C172CC100325A01 = {
						CreatedOnToolsVersion = 7.1;
						TestTargetID = 23EF60EB1C172CC100325A01;
					};
				};
			};
			buildConfigurationList = 23EF60E71C172CC100325A01 /* Build configuration list for PBXProject "MyBBB" */;
			compatibilityVersion = "Xcode 3.2";
			developmentRegion = English;
			hasScannedForEncodings = 0;
			knownRegions = (
				en,
				Base,
			);
			mainGroup = 23EF60E31C172CC100325A01;
			productRefGroup = 23EF60ED1C172CC100325A01 /* Products */;
			projectDirPath = "";
			projectRoot = "";
			targets = (
				23EF60EB1C172CC100325A01 /* MyBBB */,
				23EF61041C172CC100325A01 /* MyBBBTests */,
				23EF610F1C172CC100325A01 /* MyBBBUITests */,
			);
		};
/* End PBXProject section */

/* Begin PBXResourcesBuildPhase section */
		23EF60EA1C172CC100325A01 /* Resources */ = {
			isa = PBXResourcesBuildPhase;
			buildActionMask = 2147483647;
			files = (
				23EF60FF1C172CC100325A01 /* LaunchScreen.storyboard in Resources */,
				23EF60FC1C172CC100325A01 /* Assets.xcassets in Resources */,
				23EF60FA1C172CC100325A01 /* Main.storyboard in Resources */,
			);
			runOnlyForDeploymentPostprocessing = 0;
		};
		23EF61031C172CC100325A01 /* Resources */ = {
			isa = PBXResourcesBuildPhase;
			buildActionMask = 2147483647;
			files = (
			);
			runOnlyForDeploymentPostprocessing = 0;
		};
		23EF610E1C172CC100325A01 /* Resources */ = {
			isa = PBXResourcesBuildPhase;
			buildActionMask = 2147483647;
			files = (
			);
			runOnlyForDeploymentPostprocessing = 0;
		};
/* End PBXResourcesBuildPhase section */

/* Begin PBXSourcesBuildPhase section */
		23EF60E81C172CC100325A01 /* Sources */ = {
			isa = PBXSourcesBuildPhase;
			buildActionMask = 2147483647;
			files = (
				23EF60F71C172CC100325A01 /* ViewController.m in Sources */,
				23EF60F41C172CC100325A01 /* AppDelegate.m in Sources */,
				23EF60F11C172CC100325A01 /* main.m in Sources */,
			);
			runOnlyForDeploymentPostprocessing = 0;
		};
		23EF61011C172CC100325A01 /* Sources */ = {
			isa = PBXSourcesBuildPhase;
			buildActionMask = 2147483647;
			files = (
				23EF610A1C172CC100325A01 /* MyBBBTests.m in Sources */,
			);
			runOnlyForDeploymentPostprocessing = 0;
		};
		23EF610C1C172CC100325A01 /* Sources */ = {
			isa = PBXSourcesBuildPhase;
			buildActionMask = 2147483647;
			files = (
				23EF61151C172CC100325A01 /* MyBBBUITests.m in Sources */,
			);
			runOnlyForDeploymentPostprocessing = 0;
		};
/* End PBXSourcesBuildPhase section */

/* Begin PBXTargetDependency section */
		23EF61071C172CC100325A01 /* PBXTargetDependency */ = {
			isa = PBXTargetDependency;
			target = 23EF60EB1C172CC100325A01 /* MyBBB */;
			targetProxy = 23EF61061C172CC100325A01 /* PBXContainerItemProxy */;
		};
		23EF61121C172CC100325A01 /* PBXTargetDependency */ = {
			isa = PBXTargetDependency;
			target = 23EF60EB1C172CC100325A01 /* MyBBB */;
			targetProxy = 23EF61111C172CC100325A01 /* PBXContainerItemProxy */;
		};
/* End PBXTargetDependency section */

/* Begin PBXVariantGroup section */
		23EF60F81C172CC100325A01 /* Main.storyboard */ = {
			isa = PBXVariantGroup;
			children = (
				23EF60F91C172CC100325A01 /* Base */,
			);
			name = Main.storyboard;
			sourceTree = "<group>";
		};
		23EF60FD1C172CC100325A01 /* LaunchScreen.storyboard */ = {
			isa = PBXVariantGroup;
			children = (
				23EF60FE1C172CC100325A01 /* Base */,
			);
			name = LaunchScreen.storyboard;
			sourceTree = "<group>";
		};
/* End PBXVariantGroup section */

/* Begin XCBuildConfiguration section */
		23EF61171C172CC100325A01 /* Debug */ = {
			isa = XCBuildConfiguration;
			buildSettings = {
				ALWAYS_SEARCH_USER_PATHS = NO;
				CLANG_CXX_LANGUAGE_STANDARD = "gnu++0x";
				CLANG_CXX_LIBRARY = "libc++";
				CLANG_ENABLE_MODULES = YES;
				CLANG_ENABLE_OBJC_ARC = YES;
				CLANG_WARN_BOOL_CONVERSION = YES;
				CLANG_WARN_CONSTANT_CONVERSION = YES;
				CLANG_WARN_DIRECT_OBJC_ISA_USAGE = YES_ERROR;
				CLANG_WARN_EMPTY_BODY = YES;
				CLANG_WARN_ENUM_CONVERSION = YES;
				CLANG_WARN_INT_CONVERSION = YES;
				CLANG_WARN_OBJC_ROOT_CLASS = YES_ERROR;
				CLANG_WARN_UNREACHABLE_CODE = YES;
				CLANG_WARN__DUPLICATE_METHOD_MATCH = YES;
				"CODE_SIGN_IDENTITY[sdk=iphoneos*]" = "iPhone Developer";
				COPY_PHASE_STRIP = NO;
				DEBUG_INFORMATION_FORMAT = dwarf;
				ENABLE_STRICT_OBJC_MSGSEND = YES;
				ENABLE_TESTABILITY = YES;
				GCC_C_LANGUAGE_STANDARD = gnu99;
				GCC_DYNAMIC_NO_PIC = NO;
				GCC_NO_COMMON_BLOCKS = YES;
				GCC_OPTIMIZATION_LEVEL = 0;
				GCC_PREPROCESSOR_DEFINITIONS = (
					"DEBUG=1",
					"$(inherited)",
				);
				GCC_WARN_64_TO_32_BIT_CONVERSION = YES;
				GCC_WARN_ABOUT_RETURN_TYPE = YES_ERROR;
				GCC_WARN_UNDECLARED_SELECTOR = YES;
				GCC_WARN_UNINITIALIZED_AUTOS = YES_AGGRESSIVE;
				GCC_WARN_UNUSED_FUNCTION = YES;
				GCC_WARN_UNUSED_VARIABLE = YES;
				IPHONEOS_DEPLOYMENT_TARGET = 9.1;
				MTL_ENABLE_DEBUG_INFO = YES;
				ONLY_ACTIVE_ARCH = YES;
				SDKROOT = iphoneos;
			};
			name = Debug;
		};
		23EF61181C172CC100325A01 /* Release */ = {
			isa = XCBuildConfiguration;
			buildSettings = {
				ALWAYS_SEARCH_USER_PATHS = NO;
				CLANG_CXX_LANGUAGE_STANDARD = "gnu++0x";
				CLANG_CXX_LIBRARY = "libc++";
				CLANG_ENABLE_MODULES = YES;
				CLANG_ENABLE_OBJC_ARC = YES;
				CLANG_WARN_BOOL_CONVERSION = YES;
				CLANG_WARN_CONSTANT_CONVERSION = YES;
				CLANG_WARN_DIRECT_OBJC_ISA_USAGE = YES_ERROR;
				CLANG_WARN_EMPTY_BODY = YES;
				CLANG_WARN_ENUM_CONVERSION = YES;
				CLANG_WARN_INT_CONVERSION = YES;
				CLANG_WARN_OBJC_ROOT_CLASS = YES_ERROR;
				CLANG_WARN_UNREACHABLE_CODE = YES;
				CLANG_WARN__DUPLICATE_METHOD_MATCH = YES;
				"CODE_SIGN_IDENTITY[sdk=iphoneos*]" = "iPhone Developer";
				COPY_PHASE_STRIP = NO;
				DEBUG_INFORMATION_FORMAT = "dwarf-with-dsym";
				ENABLE_NS_ASSERTIONS = NO;
				ENABLE_STRICT_OBJC_MSGSEND = YES;
				GCC_C_LANGUAGE_STANDARD = gnu99;
				GCC_NO_COMMON_BLOCKS = YES;
				GCC_WARN_64_TO_32_BIT_CONVERSION = YES;
				GCC_WARN_ABOUT_RETURN_TYPE = YES_ERROR;
				GCC_WARN_UNDECLARED_SELECTOR = YES;
				GCC_WARN_UNINITIALIZED_AUTOS = YES_AGGRESSIVE;
				GCC_WARN_UNUSED_FUNCTION = YES;
				GCC_WARN_UNUSED_VARIABLE = YES;
				IPHONEOS_DEPLOYMENT_TARGET = 9.1;
				MTL_ENABLE_DEBUG_INFO = NO;
				SDKROOT = iphoneos;
				VALIDATE_PRODUCT = YES;
			};
			name = Release;
		};
		23EF611A1C172CC100325A01 /* Debug */ = {
			isa = XCBuildConfiguration;
			buildSettings = {
				ASSETCATALOG_COMPILER_APPICON_NAME = AppIcon;
				INFOPLIST_FILE = MyBBB/Info.plist;
				LD_RUNPATH_SEARCH_PATHS = "$(inherited) @executable_path/Frameworks";
				PRODUCT_BUNDLE_IDENTIFIER = kk.MyBBB;
				PRODUCT_NAME = "$(TARGET_NAME)";
			};
			name = Debug;
		};
		23EF611B1C172CC100325A01 /* Release */ = {
			isa = XCBuildConfiguration;
			buildSettings = {
				ASSETCATALOG_COMPILER_APPICON_NAME = AppIcon;
				INFOPLIST_FILE = MyBBB/Info.plist;
				LD_RUNPATH_SEARCH_PATHS = "$(inherited) @executable_path/Frameworks";
				PRODUCT_BUNDLE_IDENTIFIER = kk.MyBBB;
				PRODUCT_NAME = "$(TARGET_NAME)";
			};
			name = Release;
		};
		23EF611D1C172CC100325A01 /* Debug */ = {
			isa = XCBuildConfiguration;
			buildSettings = {
				BUNDLE_LOADER = "$(TEST_HOST)";
				INFOPLIST_FILE = MyBBBTests/Info.plist;
				LD_RUNPATH_SEARCH_PATHS = "$(inherited) @executable_path/Frameworks @loader_path/Frameworks";
				PRODUCT_BUNDLE_IDENTIFIER = kk.MyBBBTests;
				PRODUCT_NAME = "$(TARGET_NAME)";
				TEST_HOST = "$(BUILT_PRODUCTS_DIR)/MyBBB.app/MyBBB";
			};
			name = Debug;
		};
		23EF611E1C172CC100325A01 /* Release */ = {
			isa = XCBuildConfiguration;
			buildSettings = {
				BUNDLE_LOADER = "$(TEST_HOST)";
				INFOPLIST_FILE = MyBBBTests/Info.plist;
				LD_RUNPATH_SEARCH_PATHS = "$(inherited) @executable_path/Frameworks @loader_path/Frameworks";
				PRODUCT_BUNDLE_IDENTIFIER = kk.MyBBBTests;
				PRODUCT_NAME = "$(TARGET_NAME)";
				TEST_HOST = "$(BUILT_PRODUCTS_DIR)/MyBBB.app/MyBBB";
			};
			name = Release;
		};
		23EF61201C172CC100325A01 /* Debug */ = {
			isa = XCBuildConfiguration;
			buildSettings = {
				INFOPLIST_FILE = MyBBBUITests/Info.plist;
				LD_RUNPATH_SEARCH_PATHS = "$(inherited) @executable_path/Frameworks @loader_path/Frameworks";
				PRODUCT_BUNDLE_IDENTIFIER = kk.MyBBBUITests;
				PRODUCT_NAME = "$(TARGET_NAME)";
				TEST_TARGET_NAME = MyBBB;
				USES_XCTRUNNER = YES;
			};
			name = Debug;
		};
		23EF61211C172CC100325A01 /* Release */ = {
			isa = XCBuildConfiguration;
			buildSettings = {
				INFOPLIST_FILE = MyBBBUITests/Info.plist;
				LD_RUNPATH_SEARCH_PATHS = "$(inherited) @executable_path/Frameworks @loader_path/Frameworks";
				PRODUCT_BUNDLE_IDENTIFIER = kk.MyBBBUITests;
				PRODUCT_NAME = "$(TARGET_NAME)";
				TEST_TARGET_NAME = MyBBB;
				USES_XCTRUNNER = YES;
			};
			name = Release;
		};
/* End XCBuildConfiguration section */

/* Begin XCConfigurationList section */
		23EF60E71C172CC100325A01 /* Build configuration list for PBXProject "MyBBB" */ = {
			isa = XCConfigurationList;
			buildConfigurations = (
				23EF61171C172CC100325A01 /* Debug */,
				23EF61181C172CC100325A01 /* Release */,
			);
			defaultConfigurationIsVisible = 0;
			defaultConfigurationName = Release;
		};
		23EF61191C172CC100325A01 /* Build configuration list for PBXNativeTarget "MyBBB" */ = {
			isa = XCConfigurationList;
			buildConfigurations = (
				23EF611A1C172CC100325A01 /* Debug */,
				23EF611B1C172CC100325A01 /* Release */,
			);
			defaultConfigurationIsVisible = 0;
		};
		23EF611C1C172CC100325A01 /* Build configuration list for PBXNativeTarget "MyBBBTests" */ = {
			isa = XCConfigurationList;
			buildConfigurations = (
				23EF611D1C172CC100325A01 /* Debug */,
				23EF611E1C172CC100325A01 /* Release */,
			);
			defaultConfigurationIsVisible = 0;
		};
		23EF611F1C172CC100325A01 /* Build configuration list for PBXNativeTarget "MyBBBUITests" */ = {
			isa = XCConfigurationList;
			buildConfigurations = (
				23EF61201C172CC100325A01 /* Debug */,
				23EF61211C172CC100325A01 /* Release */,
			);
			defaultConfigurationIsVisible = 0;
		};
/* End XCConfigurationList section */
	};
	rootObject = 23EF60E41C172CC100325A01 /* Project object */;
}
